
Microsoft Visual Studio Solution File, Format Version 12.00
# Visual Studio Version 17
VisualStudioVersion = 17.2.32630.192
MinimumVisualStudioVersion = 10.0.40219.1
Project("{FAE04EC0-301F-11D3-BF4B-00C04F79EFBC}") = "TTC.Win", "TTC.Win\TTC.Win.csproj", "{A549B0C2-342B-4960-8E88-913A5FC24629}"
EndProject
Project("{9A19103F-16F7-4668-BE54-9A1E7A4F7556}") = "TikTokLiveSharp", "TikTokLiveSharp\TikTokLiveSharp.csproj", "{8630AAFC-D052-4841-A44B-5A2D31867AB9}"
EndProject
Global
	GlobalSection(SolutionConfigurationPlatforms) = preSolution
		Debug|Any CPU = Debug|Any CPU
		Release|Any CPU = Release|Any CPU
	EndGlobalSection
	GlobalSection(ProjectConfigurationPlatforms) = postSolution
		{A549B0C2-342B-4960-8E88-913A5FC24629}.Debug|Any CPU.ActiveCfg = Debug|Any CPU
		{A549B0C2-342B-4960-8E88-913A5FC24629}.Debug|Any CPU.Build.0 = Debug|Any CPU
		{A549B0C2-342B-4960-8E88-913A5FC24629}.Release|Any CPU.ActiveCfg = Release|Any CPU
		{A549B0C2-342B-4960-8E88-913A5FC24629}.Release|Any CPU.Build.0 = Release|Any CPU
		{8630AAFC-D052-4841-A44B-5A2D31867AB9}.Debug|Any CPU.ActiveCfg = Debug|Any CPU
		{8630AAFC-D052-4841-A44B-5A2D31867AB9}.Debug|Any CPU.Build.0 = Debug|Any CPU
		{8630AAFC-D052-4841-A44B-5A2D31867AB9}.Release|Any CPU.ActiveCfg = Release|Any CPU
		{8630AAFC-D052-4841-A44B-5A2D31867AB9}.Release|Any CPU.Build.0 = Release|Any CPU
	EndGlobalSection
	GlobalSection(SolutionProperties) = preSolution
		HideSolutionNode = FALSE
	EndGlobalSection
	GlobalSection(ExtensibilityGlobals) = postSolution
		SolutionGuid = {35AD1EC6-AD34-4A22-844C-121902AACFC4}
	EndGlobalSection
EndGlobal
